// !$*UTF8*$!
{
	archiveVersion = 1;
	classes = {
	};
	objectVersion = 50;
	objects = {

/* Begin PBXBuildFile section */
		619B2F98240DAC630099C742 /* AppDelegate.swift in Sources */ = {isa = PBXBuildFile; fileRef = 619B2F97240DAC630099C742 /* AppDelegate.swift */; };
		619B2F9A240DAC630099C742 /* SceneDelegate.swift in Sources */ = {isa = PBXBuildFile; fileRef = 619B2F99240DAC630099C742 /* SceneDelegate.swift */; };
		619B2F9C240DAC630099C742 /* ViewController.swift in Sources */ = {isa = PBXBuildFile; fileRef = 619B2F9B240DAC630099C742 /* ViewController.swift */; };
		619B2F9F240DAC630099C742 /* Main.storyboard in Resources */ = {isa = PBXBuildFile; fileRef = 619B2F9D240DAC630099C742 /* Main.storyboard */; };
		619B2FA1240DAC680099C742 /* Assets.xcassets in Resources */ = {isa = PBXBuildFile; fileRef = 619B2FA0240DAC680099C742 /* Assets.xcassets */; };
		619B2FA4240DAC680099C742 /* LaunchScreen.storyboard in Resources */ = {isa = PBXBuildFile; fileRef = 619B2FA2240DAC680099C742 /* LaunchScreen.storyboard */; };
		619B2FAC240DAC760099C742 /* Shaders.metal in Sources */ = {isa = PBXBuildFile; fileRef = 619B2FAB240DAC760099C742 /* Shaders.metal */; };
/* End PBXBuildFile section */

/* Begin PBXFileReference section */
		619B2F94240DAC630099C742 /* MetalIntro.app */ = {isa = PBXFileReference; explicitFileType = wrapper.application; includeInIndex = 0; path = MetalIntro.app; sourceTree = BUILT_PRODUCTS_DIR; };
		619B2F97240DAC630099C742 /* AppDelegate.swift */ = {isa = PBXFileReference; lastKnownFileType = sourcecode.swift; path = AppDelegate.swift; sourceTree = "<group>"; };
		619B2F99240DAC630099C742 /* SceneDelegate.swift */ = {isa = PBXFileReference; lastKnownFileType = sourcecode.swift; path = SceneDelegate.swift; sourceTree = "<group>"; };
		619B2F9B240DAC630099C742 /* ViewController.swift */ = {isa = PBXFileReference; lastKnownFileType = sourcecode.swift; path = ViewController.swift; sourceTree = "<group>"; };
		619B2F9E240DAC630099C742 /* Base */ = {isa = PBXFileReference; lastKnownFileType = file.storyboard; name = Base; path = Base.lproj/Main.storyboard; sourceTree = "<group>"; };
		619B2FA0240DAC680099C742 /* Assets.xcassets */ = {isa = PBXFileReference; lastKnownFileType = folder.assetcatalog; path = Assets.xcassets; sourceTree = "<group>"; };
		619B2FA3240DAC680099C742 /* Base */ = {isa = PBXFileReference; lastKnownFileType = file.storyboard; name = Base; path = Base.lproj/LaunchScreen.storyboard; sourceTree = "<group>"; };
		619B2FA5240DAC680099C742 /* Info.plist */ = {isa = PBXFileReference; lastKnownFileType = text.plist.xml; path = Info.plist; sourceTree = "<group>"; };
		619B2FAB240DAC760099C742 /* Shaders.metal */ = {isa = PBXFileReference; lastKnownFileType = sourcecode.metal; path = Shaders.metal; sourceTree = "<group>"; };
/* End PBXFileReference section */

/* Begin PBXFrameworksBuildPhase section */
		619B2F91240DAC630099C742 /* Frameworks */ = {
			isa = PBXFrameworksBuildPhase;
			buildActionMask = 2147483647;
			files = (
			);
			runOnlyForDeploymentPostprocessing = 0;
		};
/* End PBXFrameworksBuildPhase section */

/* Begin PBXGroup section */
		619B2F8B240DAC630099C742 = {
			isa = PBXGroup;
			children = (
				619B2F96240DAC630099C742 /* MetalIntro */,
				619B2F95240DAC630099C742 /* Products */,
			);
			sourceTree = "<group>";
		};
		619B2F95240DAC630099C742 /* Products */ = {
			isa = PBXGroup;
			children = (
				619B2F94240DAC630099C742 /* MetalIntro.app */,
			);
			name = Products;
			sourceTree = "<group>";
		};
		619B2F96240DAC630099C742 /* MetalIntro */ = {
			isa = PBXGroup;
			children = (
				619B2F97240DAC630099C742 /* AppDelegate.swift */,
				619B2F99240DAC630099C742 /* SceneDelegate.swift */,
				619B2F9B240DAC630099C742 /* ViewController.swift */,
				619B2F9D240DAC630099C742 /* Main.storyboard */,
				619B2FA0240DAC680099C742 /* Assets.xcassets */,
				619B2FA2240DAC680099C742 /* LaunchScreen.storyboard */,
				619B2FA5240DAC680099C742 /* Info.plist */,
				619B2FAB240DAC760099C742 /* Shaders.metal */,
			);
			path = MetalIntro;
			sourceTree = "<group>";
		};
/* End PBXGroup section */

/* Begin PBXNativeTarget section */
		619B2F93240DAC630099C742 /* MetalIntro */ = {
			isa = PBXNativeTarget;
			buildConfigurationList = 619B2FA8240DAC680099C742 /* Build configuration list for PBXNativeTarget "MetalIntro" */;
			buildPhases = (
				619B2F90240DAC630099C742 /* Sources */,
				619B2F91240DAC630099C742 /* Frameworks */,
				619B2F92240DAC630099C742 /* Resources */,
			);
			buildRules = (
			);
			dependencies = (
			);
			name = MetalIntro;
			productName = MetalIntro;
			productReference = 619B2F94240DAC630099C742 /* MetalIntro.app */;
			productType = "com.apple.product-type.application";
		};
/* End PBXNativeTarget section */

/* Begin PBXProject section */
		619B2F8C240DAC630099C742 /* Project object */ = {
			isa = PBXProject;
			attributes = {
				LastSwiftUpdateCheck = 1130;
				LastUpgradeCheck = 1130;
				ORGANIZATIONNAME = "Marko Polietaiev";
				TargetAttributes = {
					619B2F93240DAC630099C742 = {
						CreatedOnToolsVersion = 11.3.1;
					};
				};
			};
			buildConfigurationList = 619B2F8F240DAC630099C742 /* Build configuration list for PBXProject "MetalIntro" */;
			compatibilityVersion = "Xcode 9.3";
			developmentRegion = en;
			hasScannedForEncodings = 0;
			knownRegions = (
				en,
				Base,
			);
			mainGroup = 619B2F8B240DAC630099C742;
			productRefGroup = 619B2F95240DAC630099C742 /* Products */;
			projectDirPath = "";
			projectRoot = "";
			targets = (
				619B2F93240DAC630099C742 /* MetalIntro */,
			);
		};
/* End PBXProject section */

/* Begin PBXResourcesBuildPhase section */
		619B2F92240DAC630099C742 /* Resources */ = {
			isa = PBXResourcesBuildPhase;
			buildActionMask = 2147483647;
			files = (
				619B2FA4240DAC680099C742 /* LaunchScreen.storyboard in Resources */,
				619B2FA1240DAC680099C742 /* Assets.xcassets in Resources */,
				619B2F9F240DAC630099C742 /* Main.storyboard in Resources */,
			);
			runOnlyForDeploymentPostprocessing = 0;
		};
/* End PBXResourcesBuildPhase section */

/* Begin PBXSourcesBuildPhase section */
		619B2F90240DAC630099C742 /* Sources */ = {
			isa = PBXSourcesBuildPhase;
			buildActionMask = 2147483647;
			files = (
				619B2FAC240DAC760099C742 /* Shaders.metal in Sources */,
				619B2F9C240DAC630099C742 /* ViewController.swift in Sources */,
				619B2F98240DAC630099C742 /* AppDelegate.swift in Sources */,
				619B2F9A240DAC630099C742 /* SceneDelegate.swift in Sources */,
			);
			runOnlyForDeploymentPostprocessing = 0;
		};
/* End PBXSourcesBuildPhase section */

/* Begin PBXVariantGroup section */
		619B2F9D240DAC630099C742 /* Main.storyboard */ = {
			isa = PBXVariantGroup;
			children = (
				619B2F9E240DAC630099C742 /* Base */,
			);
			name = Main.storyboard;
			sourceTree = "<group>";
		};
		619B2FA2240DAC680099C742 /* LaunchScreen.storyboard */ = {
			isa = PBXVariantGroup;
			children = (
				619B2FA3240DAC680099C742 /* Base */,
			);
			name = LaunchScreen.storyboard;
			sourceTree = "<group>";
		};
/* End PBXVariantGroup section */

/* Begin XCBuildConfiguration section */
		619B2FA6240DAC680099C742 /* Debug */ = {
			isa = XCBuildConfiguration;
			buildSettings = {
				ALWAYS_SEARCH_USER_PATHS = NO;
				CLANG_ANALYZER_NONNULL = YES;
				CLANG_ANALYZER_NUMBER_OBJECT_CONVERSION = YES_AGGRESSIVE;
				CLANG_CXX_LANGUAGE_STANDARD = "gnu++14";
				CLANG_CXX_LIBRARY = "libc++";
				CLANG_ENABLE_MODULES = YES;
				CLANG_ENABLE_OBJC_ARC = YES;
				CLANG_ENABLE_OBJC_WEAK = YES;
				CLANG_WARN_BLOCK_CAPTURE_AUTORELEASING = YES;
				CLANG_WARN_BOOL_CONVERSION = YES;
				CLANG_WARN_COMMA = YES;
				CLANG_WARN_CONSTANT_CONVERSION = YES;
				CLANG_WARN_DEPRECATED_OBJC_IMPLEMENTATIONS = YES;
				CLANG_WARN_DIRECT_OBJC_ISA_USAGE = YES_ERROR;
				CLANG_WARN_DOCUMENTATION_COMMENTS = YES;
				CLANG_WARN_EMPTY_BODY = YES;
				CLANG_WARN_ENUM_CONVERSION = YES;
				CLANG_WARN_INFINITE_RECURSION = YES;
				CLANG_WARN_INT_CONVERSION = YES;
				CLANG_WARN_NON_LITERAL_NULL_CONVERSION = YES;
				CLANG_WARN_OBJC_IMPLICIT_RETAIN_SELF = YES;
				CLANG_WARN_OBJC_LITERAL_CONVERSION = YES;
				CLANG_WARN_OBJC_ROOT_CLASS = YES_ERROR;
				CLANG_WARN_RANGE_LOOP_ANALYSIS = YES;
				CLANG_WARN_STRICT_PROTOTYPES = YES;
				CLANG_WARN_SUSPICIOUS_MOVE = YES;
				CLANG_WARN_UNGUARDED_AVAILABILITY = YES_AGGRESSIVE;
				CLANG_WARN_UNREACHABLE_CODE = YES;
				CLANG_WARN__DUPLICATE_METHOD_MATCH = YES;
				COPY_PHASE_STRIP = NO;
				DEBUG_INFORMATION_FORMAT = dwarf;
				ENABLE_STRICT_OBJC_MSGSEND = YES;
				ENABLE_TESTABILITY = YES;
				GCC_C_LANGUAGE_STANDARD = gnu11;
				GCC_DYNAMIC_NO_PIC = NO;
				GCC_NO_COMMON_BLOCKS = YES;
				GCC_OPTIMIZATION_LEVEL = 0;
				GCC_PREPROCESSOR_DEFINITIONS = (
					"DEBUG=1",
					"$(inherited)",
				);
				GCC_WARN_64_TO_32_BIT_CONVERSION = YES;
				GCC_WARN_ABOUT_RETURN_TYPE = YES_ERROR;
				GCC_WARN_UNDECLARED_SELECTOR = YES;
				GCC_WARN_UNINITIALIZED_AUTOS = YES_AGGRESSIVE;
				GCC_WARN_UNUSED_FUNCTION = YES;
				GCC_WARN_UNUSED_VARIABLE = YES;
				IPHONEOS_DEPLOYMENT_TARGET = 13.2;
				MTL_ENABLE_DEBUG_INFO = INCLUDE_SOURCE;
				MTL_FAST_MATH = YES;
				ONLY_ACTIVE_ARCH = YES;
				SDKROOT = iphoneos;
				SWIFT_ACTIVE_COMPILATION_CONDITIONS = DEBUG;
				SWIFT_OPTIMIZATION_LEVEL = "-Onone";
			};
			name = Debug;
		};
		619B2FA7240DAC680099C742 /* Release */ = {
			isa = XCBuildConfiguration;
			buildSettings = {
				ALWAYS_SEARCH_USER_PATHS = NO;
				CLANG_ANALYZER_NONNULL = YES;
				CLANG_ANALYZER_NUMBER_OBJECT_CONVERSION = YES_AGGRESSIVE;
				CLANG_CXX_LANGUAGE_STANDARD = "gnu++14";
				CLANG_CXX_LIBRARY = "libc++";
				CLANG_ENABLE_MODULES = YES;
				CLANG_ENABLE_OBJC_ARC = YES;
				CLANG_ENABLE_OBJC_WEAK = YES;
				CLANG_WARN_BLOCK_CAPTURE_AUTORELEASING = YES;
				CLANG_WARN_BOOL_CONVERSION = YES;
				CLANG_WARN_COMMA = YES;
				CLANG_WARN_CONSTANT_CONVERSION = YES;
				CLANG_WARN_DEPRECATED_OBJC_IMPLEMENTATIONS = YES;
				CLANG_WARN_DIRECT_OBJC_ISA_USAGE = YES_ERROR;
				CLANG_WARN_DOCUMENTATION_COMMENTS = YES;
				CLANG_WARN_EMPTY_BODY = YES;
				CLANG_WARN_ENUM_CONVERSION = YES;
				CLANG_WARN_INFINITE_RECURSION = YES;
				CLANG_WARN_INT_CONVERSION = YES;
				CLANG_WARN_NON_LITERAL_NULL_CONVERSION = YES;
				CLANG_WARN_OBJC_IMPLICIT_RETAIN_SELF = YES;
				CLANG_WARN_OBJC_LITERAL_CONVERSION = YES;
				CLANG_WARN_OBJC_ROOT_CLASS = YES_ERROR;
				CLANG_WARN_RANGE_LOOP_ANALYSIS = YES;
				CLANG_WARN_STRICT_PROTOTYPES = YES;
				CLANG_WARN_SUSPICIOUS_MOVE = YES;
				CLANG_WARN_UNGUARDED_AVAILABILITY = YES_AGGRESSIVE;
				CLANG_WARN_UNREACHABLE_CODE = YES;
				CLANG_WARN__DUPLICATE_METHOD_MATCH = YES;
				COPY_PHASE_STRIP = NO;
				DEBUG_INFORMATION_FORMAT = "dwarf-with-dsym";
				ENABLE_NS_ASSERTIONS = NO;
				ENABLE_STRICT_OBJC_MSGSEND = YES;
				GCC_C_LANGUAGE_STANDARD = gnu11;
				GCC_NO_COMMON_BLOCKS = YES;
				GCC_WARN_64_TO_32_BIT_CONVERSION = YES;
				GCC_WARN_ABOUT_RETURN_TYPE = YES_ERROR;
				GCC_WARN_UNDECLARED_SELECTOR = YES;
				GCC_WARN_UNINITIALIZED_AUTOS = YES_AGGRESSIVE;
				GCC_WARN_UNUSED_FUNCTION = YES;
				GCC_WARN_UNUSED_VARIABLE = YES;
				IPHONEOS_DEPLOYMENT_TARGET = 13.2;
				MTL_ENABLE_DEBUG_INFO = NO;
				MTL_FAST_MATH = YES;
				SDKROOT = iphoneos;
				SWIFT_COMPILATION_MODE = wholemodule;
				SWIFT_OPTIMIZATION_LEVEL = "-O";
				VALIDATE_PRODUCT = YES;
			};
			name = Release;
		};
		619B2FA9240DAC680099C742 /* Debug */ = {
			isa = XCBuildConfiguration;
			buildSettings = {
				ASSETCATALOG_COMPILER_APPICON_NAME = AppIcon;
				CODE_SIGN_STYLE = Automatic;
				DEVELOPMENT_TEAM = 3RZFH7U359;
				INFOPLIST_FILE = MetalIntro/Info.plist;
				LD_RUNPATH_SEARCH_PATHS = (
					"$(inherited)",
					"@executable_path/Frameworks",
				);
				PRODUCT_BUNDLE_IDENTIFIER = com.markopolietaiev.MetalIntro;
				PRODUCT_NAME = "$(TARGET_NAME)";
				SWIFT_VERSION = 5.0;
				TARGETED_DEVICE_FAMILY = "1,2";
			};
			name = Debug;
		};
		619B2FAA240DAC680099C742 /* Release */ = {
			isa = XCBuildConfiguration;
			buildSettings = {
				ASSETCATALOG_COMPILER_APPICON_NAME = AppIcon;
				CODE_SIGN_STYLE = Automatic;
				DEVELOPMENT_TEAM = 3RZFH7U359;
				INFOPLIST_FILE = MetalIntro/Info.plist;
				LD_RUNPATH_SEARCH_PATHS = (
					"$(inherited)",
					"@executable_path/Frameworks",
				);
				PRODUCT_BUNDLE_IDENTIFIER = com.markopolietaiev.MetalIntro;
				PRODUCT_NAME = "$(TARGET_NAME)";
				SWIFT_VERSION = 5.0;
				TARGETED_DEVICE_FAMILY = "1,2";
			};
			name = Release;
		};
/* End XCBuildConfiguration section */

/* Begin XCConfigurationList section */
		619B2F8F240DAC630099C742 /* Build configuration list for PBXProject "MetalIntro" */ = {
			isa = XCConfigurationList;
			buildConfigurations = (
				619B2FA6240DAC680099C742 /* Debug */,
				619B2FA7240DAC680099C742 /* Release */,
			);
			defaultConfigurationIsVisible = 0;
			defaultConfigurationName = Release;
		};
		619B2FA8240DAC680099C742 /* Build configuration list for PBXNativeTarget "MetalIntro" */ = {
			isa = XCConfigurationList;
			buildConfigurations = (
				619B2FA9240DAC680099C742 /* Debug */,
				619B2FAA240DAC680099C742 /* Release */,
			);
			defaultConfigurationIsVisible = 0;
			defaultConfigurationName = Release;
		};
/* End XCConfigurationList section */
	};
	rootObject = 619B2F8C240DAC630099C742 /* Project object */;
}
